
Microsoft Visual Studio Solution File, Format Version 12.00
# Visual Studio 15
VisualStudioVersion = 15.0.26124.0
MinimumVisualStudioVersion = 15.0.26124.0
Project("{2150E333-8FDC-42A3-9474-1A3956D46DE8}") = "src", "src", "{8D4DCF6E-0B82-4F0F-A5BA-F0EE2435AAE2}"
EndProject
Project("{FAE04EC0-301F-11D3-BF4B-00C04F79EFBC}") = "OK.ShortLink.Api", "src\OK.ShortLink.Api\OK.ShortLink.Api.csproj", "{92959E6D-9C81-4761-98EF-C629DDF075E1}"
EndProject
Project("{FAE04EC0-301F-11D3-BF4B-00C04F79EFBC}") = "OK.ShortLink.Common", "src\OK.ShortLink.Common\OK.ShortLink.Common.csproj", "{1C3438FD-994B-4207-B738-DD6648F4653F}"
EndProject
Project("{FAE04EC0-301F-11D3-BF4B-00C04F79EFBC}") = "OK.ShortLink.Core", "src\OK.ShortLink.Core\OK.ShortLink.Core.csproj", "{A5F011A9-DD7B-4D69-9DB5-D07EFD07BB98}"
EndProject
Project("{FAE04EC0-301F-11D3-BF4B-00C04F79EFBC}") = "OK.ShortLink.DataAccess", "src\OK.ShortLink.DataAccess\OK.ShortLink.DataAccess.csproj", "{88342EC7-AE57-43AA-80F0-901595B340D7}"
EndProject
Project("{FAE04EC0-301F-11D3-BF4B-00C04F79EFBC}") = "OK.ShortLink.Engine", "src\OK.ShortLink.Engine\OK.ShortLink.Engine.csproj", "{784E8ED3-F86B-4E7E-A55A-0EDC74028CB5}"
EndProject
Global
	GlobalSection(SolutionConfigurationPlatforms) = preSolution
		Debug|Any CPU = Debug|Any CPU
		Debug|x64 = Debug|x64
		Debug|x86 = Debug|x86
		Release|Any CPU = Release|Any CPU
		Release|x64 = Release|x64
		Release|x86 = Release|x86
	EndGlobalSection
	GlobalSection(SolutionProperties) = preSolution
		HideSolutionNode = FALSE
	EndGlobalSection
	GlobalSection(ProjectConfigurationPlatforms) = postSolution
		{92959E6D-9C81-4761-98EF-C629DDF075E1}.Debug|Any CPU.ActiveCfg = Debug|Any CPU
		{92959E6D-9C81-4761-98EF-C629DDF075E1}.Debug|Any CPU.Build.0 = Debug|Any CPU
		{92959E6D-9C81-4761-98EF-C629DDF075E1}.Debug|x64.ActiveCfg = Debug|Any CPU
		{92959E6D-9C81-4761-98EF-C629DDF075E1}.Debug|x64.Build.0 = Debug|Any CPU
		{92959E6D-9C81-4761-98EF-C629DDF075E1}.Debug|x86.ActiveCfg = Debug|Any CPU
		{92959E6D-9C81-4761-98EF-C629DDF075E1}.Debug|x86.Build.0 = Debug|Any CPU
		{92959E6D-9C81-4761-98EF-C629DDF075E1}.Release|Any CPU.ActiveCfg = Release|Any CPU
		{92959E6D-9C81-4761-98EF-C629DDF075E1}.Release|Any CPU.Build.0 = Release|Any CPU
		{92959E6D-9C81-4761-98EF-C629DDF075E1}.Release|x64.ActiveCfg = Release|Any CPU
		{92959E6D-9C81-4761-98EF-C629DDF075E1}.Release|x64.Build.0 = Release|Any CPU
		{92959E6D-9C81-4761-98EF-C629DDF075E1}.Release|x86.ActiveCfg = Release|Any CPU
		{92959E6D-9C81-4761-98EF-C629DDF075E1}.Release|x86.Build.0 = Release|Any CPU
		{1C3438FD-994B-4207-B738-DD6648F4653F}.Debug|Any CPU.ActiveCfg = Debug|Any CPU
		{1C3438FD-994B-4207-B738-DD6648F4653F}.Debug|Any CPU.Build.0 = Debug|Any CPU
		{1C3438FD-994B-4207-B738-DD6648F4653F}.Debug|x64.ActiveCfg = Debug|Any CPU
		{1C3438FD-994B-4207-B738-DD6648F4653F}.Debug|x64.Build.0 = Debug|Any CPU
		{1C3438FD-994B-4207-B738-DD6648F4653F}.Debug|x86.ActiveCfg = Debug|Any CPU
		{1C3438FD-994B-4207-B738-DD6648F4653F}.Debug|x86.Build.0 = Debug|Any CPU
		{1C3438FD-994B-4207-B738-DD6648F4653F}.Release|Any CPU.ActiveCfg = Release|Any CPU
		{1C3438FD-994B-4207-B738-DD6648F4653F}.Release|Any CPU.Build.0 = Release|Any CPU
		{1C3438FD-994B-4207-B738-DD6648F4653F}.Release|x64.ActiveCfg = Release|Any CPU
		{1C3438FD-994B-4207-B738-DD6648F4653F}.Release|x64.Build.0 = Release|Any CPU
		{1C3438FD-994B-4207-B738-DD6648F4653F}.Release|x86.ActiveCfg = Release|Any CPU
		{1C3438FD-994B-4207-B738-DD6648F4653F}.Release|x86.Build.0 = Release|Any CPU
		{A5F011A9-DD7B-4D69-9DB5-D07EFD07BB98}.Debug|Any CPU.ActiveCfg = Debug|Any CPU
		{A5F011A9-DD7B-4D69-9DB5-D07EFD07BB98}.Debug|Any CPU.Build.0 = Debug|Any CPU
		{A5F011A9-DD7B-4D69-9DB5-D07EFD07BB98}.Debug|x64.ActiveCfg = Debug|Any CPU
		{A5F011A9-DD7B-4D69-9DB5-D07EFD07BB98}.Debug|x64.Build.0 = Debug|Any CPU
		{A5F011A9-DD7B-4D69-9DB5-D07EFD07BB98}.Debug|x86.ActiveCfg = Debug|Any CPU
		{A5F011A9-DD7B-4D69-9DB5-D07EFD07BB98}.Debug|x86.Build.0 = Debug|Any CPU
		{A5F011A9-DD7B-4D69-9DB5-D07EFD07BB98}.Release|Any CPU.ActiveCfg = Release|Any CPU
		{A5F011A9-DD7B-4D69-9DB5-D07EFD07BB98}.Release|Any CPU.Build.0 = Release|Any CPU
		{A5F011A9-DD7B-4D69-9DB5-D07EFD07BB98}.Release|x64.ActiveCfg = Release|Any CPU
		{A5F011A9-DD7B-4D69-9DB5-D07EFD07BB98}.Release|x64.Build.0 = Release|Any CPU
		{A5F011A9-DD7B-4D69-9DB5-D07EFD07BB98}.Release|x86.ActiveCfg = Release|Any CPU
		{A5F011A9-DD7B-4D69-9DB5-D07EFD07BB98}.Release|x86.Build.0 = Release|Any CPU
		{88342EC7-AE57-43AA-80F0-901595B340D7}.Debug|Any CPU.ActiveCfg = Debug|Any CPU
		{88342EC7-AE57-43AA-80F0-901595B340D7}.Debug|Any CPU.Build.0 = Debug|Any CPU
		{88342EC7-AE57-43AA-80F0-901595B340D7}.Debug|x64.ActiveCfg = Debug|Any CPU
		{88342EC7-AE57-43AA-80F0-901595B340D7}.Debug|x64.Build.0 = Debug|Any CPU
		{88342EC7-AE57-43AA-80F0-901595B340D7}.Debug|x86.ActiveCfg = Debug|Any CPU
		{88342EC7-AE57-43AA-80F0-901595B340D7}.Debug|x86.Build.0 = Debug|Any CPU
		{88342EC7-AE57-43AA-80F0-901595B340D7}.Release|Any CPU.ActiveCfg = Release|Any CPU
		{88342EC7-AE57-43AA-80F0-901595B340D7}.Release|Any CPU.Build.0 = Release|Any CPU
		{88342EC7-AE57-43AA-80F0-901595B340D7}.Release|x64.ActiveCfg = Release|Any CPU
		{88342EC7-AE57-43AA-80F0-901595B340D7}.Release|x64.Build.0 = Release|Any CPU
		{88342EC7-AE57-43AA-80F0-901595B340D7}.Release|x86.ActiveCfg = Release|Any CPU
		{88342EC7-AE57-43AA-80F0-901595B340D7}.Release|x86.Build.0 = Release|Any CPU
		{784E8ED3-F86B-4E7E-A55A-0EDC74028CB5}.Debug|Any CPU.ActiveCfg = Debug|Any CPU
		{784E8ED3-F86B-4E7E-A55A-0EDC74028CB5}.Debug|Any CPU.Build.0 = Debug|Any CPU
		{784E8ED3-F86B-4E7E-A55A-0EDC74028CB5}.Debug|x64.ActiveCfg = Debug|Any CPU
		{784E8ED3-F86B-4E7E-A55A-0EDC74028CB5}.Debug|x64.Build.0 = Debug|Any CPU
		{784E8ED3-F86B-4E7E-A55A-0EDC74028CB5}.Debug|x86.ActiveCfg = Debug|Any CPU
		{784E8ED3-F86B-4E7E-A55A-0EDC74028CB5}.Debug|x86.Build.0 = Debug|Any CPU
		{784E8ED3-F86B-4E7E-A55A-0EDC74028CB5}.Release|Any CPU.ActiveCfg = Release|Any CPU
		{784E8ED3-F86B-4E7E-A55A-0EDC74028CB5}.Release|Any CPU.Build.0 = Release|Any CPU
		{784E8ED3-F86B-4E7E-A55A-0EDC74028CB5}.Release|x64.ActiveCfg = Release|Any CPU
		{784E8ED3-F86B-4E7E-A55A-0EDC74028CB5}.Release|x64.Build.0 = Release|Any CPU
		{784E8ED3-F86B-4E7E-A55A-0EDC74028CB5}.Release|x86.ActiveCfg = Release|Any CPU
		{784E8ED3-F86B-4E7E-A55A-0EDC74028CB5}.Release|x86.Build.0 = Release|Any CPU
	EndGlobalSection
	GlobalSection(NestedProjects) = preSolution
		{92959E6D-9C81-4761-98EF-C629DDF075E1} = {8D4DCF6E-0B82-4F0F-A5BA-F0EE2435AAE2}
		{1C3438FD-994B-4207-B738-DD6648F4653F} = {8D4DCF6E-0B82-4F0F-A5BA-F0EE2435AAE2}
		{A5F011A9-DD7B-4D69-9DB5-D07EFD07BB98} = {8D4DCF6E-0B82-4F0F-A5BA-F0EE2435AAE2}
		{88342EC7-AE57-43AA-80F0-901595B340D7} = {8D4DCF6E-0B82-4F0F-A5BA-F0EE2435AAE2}
		{784E8ED3-F86B-4E7E-A55A-0EDC74028CB5} = {8D4DCF6E-0B82-4F0F-A5BA-F0EE2435AAE2}
	EndGlobalSection
EndGlobal
